
Microsoft Visual Studio Solution File, Format Version 12.00
# Visual Studio 14
VisualStudioVersion = 14.0.25420.1
MinimumVisualStudioVersion = 10.0.40219.1
Project("{FAE04EC0-301F-11D3-BF4B-00C04F79EFBC}") = "GitPulseAnalytics", "GitPulseAnalytics\GitPulseAnalytics.csproj", "{9A0F0F19-3EAF-45F6-8EDD-D11549B1F03B}"
EndProject
Project("{FAE04EC0-301F-11D3-BF4B-00C04F79EFBC}") = "GitPulseAnalytics.Tests", "GitPulseAnalytics.Tests\GitPulseAnalytics.Tests.csproj", "{8C8565B4-9C24-4BB9-9FF9-011E63306F43}"
EndProject
Global
	GlobalSection(SolutionConfigurationPlatforms) = preSolution
		Debug|Any CPU = Debug|Any CPU
		Release|Any CPU = Release|Any CPU
	EndGlobalSection
	GlobalSection(ProjectConfigurationPlatforms) = postSolution
		{9A0F0F19-3EAF-45F6-8EDD-D11549B1F03B}.Debug|Any CPU.ActiveCfg = Debug|Any CPU
		{9A0F0F19-3EAF-45F6-8EDD-D11549B1F03B}.Debug|Any CPU.Build.0 = Debug|Any CPU
		{9A0F0F19-3EAF-45F6-8EDD-D11549B1F03B}.Release|Any CPU.ActiveCfg = Release|Any CPU
		{9A0F0F19-3EAF-45F6-8EDD-D11549B1F03B}.Release|Any CPU.Build.0 = Release|Any CPU
		{8C8565B4-9C24-4BB9-9FF9-011E63306F43}.Debug|Any CPU.ActiveCfg = Debug|Any CPU
		{8C8565B4-9C24-4BB9-9FF9-011E63306F43}.Debug|Any CPU.Build.0 = Debug|Any CPU
		{8C8565B4-9C24-4BB9-9FF9-011E63306F43}.Release|Any CPU.ActiveCfg = Release|Any CPU
		{8C8565B4-9C24-4BB9-9FF9-011E63306F43}.Release|Any CPU.Build.0 = Release|Any CPU
	EndGlobalSection
	GlobalSection(SolutionProperties) = preSolution
		HideSolutionNode = FALSE
	EndGlobalSection
EndGlobal
